
Microsoft Visual Studio Solution File, Format Version 12.00
# Visual Studio Version 16
VisualStudioVersion = 16.0.29306.81
MinimumVisualStudioVersion = 10.0.40219.1
Project("{FAE04EC0-301F-11D3-BF4B-00C04F79EFBC}") = "Agapea_MVC_NetCore", "Agapea_MVC_NetCore.csproj", "{A9292908-21B2-4ADD-92DD-BE30DF4447D1}"
EndProject
Global
	GlobalSection(SolutionConfigurationPlatforms) = preSolution
		Debug|Any CPU = Debug|Any CPU
		Release|Any CPU = Release|Any CPU
	EndGlobalSection
	GlobalSection(ProjectConfigurationPlatforms) = postSolution
		{A9292908-21B2-4ADD-92DD-BE30DF4447D1}.Debug|Any CPU.ActiveCfg = Debug|Any CPU
		{A9292908-21B2-4ADD-92DD-BE30DF4447D1}.Debug|Any CPU.Build.0 = Debug|Any CPU
		{A9292908-21B2-4ADD-92DD-BE30DF4447D1}.Release|Any CPU.ActiveCfg = Release|Any CPU
		{A9292908-21B2-4ADD-92DD-BE30DF4447D1}.Release|Any CPU.Build.0 = Release|Any CPU
	EndGlobalSection
	GlobalSection(SolutionProperties) = preSolution
		HideSolutionNode = FALSE
	EndGlobalSection
	GlobalSection(ExtensibilityGlobals) = postSolution
		SolutionGuid = {41EB5E12-DB2D-4325-92E4-171C7FB45951}
	EndGlobalSection
EndGlobal
